// !$*UTF8*$!
{
	archiveVersion = 1;
	classes = {
	};
	objectVersion = 46;
	objects = {

/* Begin PBXBuildFile section */
		960DEC3518B0890D0017729C /* JBStackExchangeFilterQuestionsViewController.m in Sources */ = {isa = PBXBuildFile; fileRef = 960DEC3418B0890D0017729C /* JBStackExchangeFilterQuestionsViewController.m */; };
		960DEC3618B0890D0017729C /* JBStackExchangeFilterQuestionsViewController.m in Sources */ = {isa = PBXBuildFile; fileRef = 960DEC3418B0890D0017729C /* JBStackExchangeFilterQuestionsViewController.m */; };
		960DEC3B18B08CF20017729C /* JBStackExchangeFilterOptions.m in Sources */ = {isa = PBXBuildFile; fileRef = 960DEC3A18B08CF20017729C /* JBStackExchangeFilterOptions.m */; };
		960DEC3C18B08CF20017729C /* JBStackExchangeFilterOptions.m in Sources */ = {isa = PBXBuildFile; fileRef = 960DEC3A18B08CF20017729C /* JBStackExchangeFilterOptions.m */; };
		960DEC3F18B08D0A0017729C /* JBStackExchangeFilterItemTableViewCell.m in Sources */ = {isa = PBXBuildFile; fileRef = 960DEC3E18B08D0A0017729C /* JBStackExchangeFilterItemTableViewCell.m */; };
		960DEC4018B08D0A0017729C /* JBStackExchangeFilterItemTableViewCell.m in Sources */ = {isa = PBXBuildFile; fileRef = 960DEC3E18B08D0A0017729C /* JBStackExchangeFilterItemTableViewCell.m */; };
		960DEC4418B09DE10017729C /* JBStackExchangeLoadMoreCellsCollectionViewCell.m in Sources */ = {isa = PBXBuildFile; fileRef = 960DEC4318B09DE10017729C /* JBStackExchangeLoadMoreCellsCollectionViewCell.m */; };
		960DEC4518B09DE10017729C /* JBStackExchangeLoadMoreCellsCollectionViewCell.m in Sources */ = {isa = PBXBuildFile; fileRef = 960DEC4318B09DE10017729C /* JBStackExchangeLoadMoreCellsCollectionViewCell.m */; };
		960DEC4D18B0ABDC0017729C /* JBStackExchangeResponseTests.m in Sources */ = {isa = PBXBuildFile; fileRef = 960DEC4C18B0ABDC0017729C /* JBStackExchangeResponseTests.m */; };
		960DEC5218B0ACC40017729C /* JBStackExchangeTestHelper.m in Sources */ = {isa = PBXBuildFile; fileRef = 960DEC5118B0ACC40017729C /* JBStackExchangeTestHelper.m */; };
		960DEC5418B0AD7E0017729C /* JBStackExchangeResponseJSON.json in Resources */ = {isa = PBXBuildFile; fileRef = 960DEC5318B0AD7E0017729C /* JBStackExchangeResponseJSON.json */; };
		961E6EA518B0301500D6A9A5 /* JBStackExchangeQuestionOwnerCollectionViewCell.m in Sources */ = {isa = PBXBuildFile; fileRef = 961E6EA418B0301500D6A9A5 /* JBStackExchangeQuestionOwnerCollectionViewCell.m */; };
		961E6EA818B0303F00D6A9A5 /* JBStackExchangeItemOwner.m in Sources */ = {isa = PBXBuildFile; fileRef = 961E6EA718B0303F00D6A9A5 /* JBStackExchangeItemOwner.m */; };
		961E6EA918B0303F00D6A9A5 /* JBStackExchangeItemOwner.m in Sources */ = {isa = PBXBuildFile; fileRef = 961E6EA718B0303F00D6A9A5 /* JBStackExchangeItemOwner.m */; };
		9670C65018ADC610003959E7 /* JBStackExchangeAPIOptions.m in Sources */ = {isa = PBXBuildFile; fileRef = 9670C64F18ADC610003959E7 /* JBStackExchangeAPIOptions.m */; };
		9670C65118ADC610003959E7 /* JBStackExchangeAPIOptions.m in Sources */ = {isa = PBXBuildFile; fileRef = 9670C64F18ADC610003959E7 /* JBStackExchangeAPIOptions.m */; };
		9670C65418ADD57E003959E7 /* JBStackExchangeResponseItem.m in Sources */ = {isa = PBXBuildFile; fileRef = 9670C65318ADD57E003959E7 /* JBStackExchangeResponseItem.m */; };
		9670C65518ADD57E003959E7 /* JBStackExchangeResponseItem.m in Sources */ = {isa = PBXBuildFile; fileRef = 9670C65318ADD57E003959E7 /* JBStackExchangeResponseItem.m */; };
		9670C65818AE85FF003959E7 /* JBStackExchangeSiteItem.m in Sources */ = {isa = PBXBuildFile; fileRef = 9670C65718AE85FF003959E7 /* JBStackExchangeSiteItem.m */; };
		9670C65918AE85FF003959E7 /* JBStackExchangeSiteItem.m in Sources */ = {isa = PBXBuildFile; fileRef = 9670C65718AE85FF003959E7 /* JBStackExchangeSiteItem.m */; };
		9670C65C18AE8A18003959E7 /* JBStackExchangeSitesViewController.m in Sources */ = {isa = PBXBuildFile; fileRef = 9670C65B18AE8A18003959E7 /* JBStackExchangeSitesViewController.m */; };
		9670C65D18AE8A18003959E7 /* JBStackExchangeSitesViewController.m in Sources */ = {isa = PBXBuildFile; fileRef = 9670C65B18AE8A18003959E7 /* JBStackExchangeSitesViewController.m */; };
		9670C66218AE8CC5003959E7 /* JBStackExchangeSitesCollectionViewCell.m in Sources */ = {isa = PBXBuildFile; fileRef = 9670C66118AE8CC5003959E7 /* JBStackExchangeSitesCollectionViewCell.m */; };
		9670C66318AE8CC5003959E7 /* JBStackExchangeSitesCollectionViewCell.m in Sources */ = {isa = PBXBuildFile; fileRef = 9670C66118AE8CC5003959E7 /* JBStackExchangeSitesCollectionViewCell.m */; };
		9670C67D18AEEE98003959E7 /* JBStackExchangeQuestionDetailViewController.m in Sources */ = {isa = PBXBuildFile; fileRef = 9670C67C18AEEE98003959E7 /* JBStackExchangeQuestionDetailViewController.m */; };
		9670C67E18AEEE98003959E7 /* JBStackExchangeQuestionDetailViewController.m in Sources */ = {isa = PBXBuildFile; fileRef = 9670C67C18AEEE98003959E7 /* JBStackExchangeQuestionDetailViewController.m */; };
		9670C68118AEF1A5003959E7 /* JBStackExchangeQuestionDetailCollectionViewCell.m in Sources */ = {isa = PBXBuildFile; fileRef = 9670C68018AEF1A5003959E7 /* JBStackExchangeQuestionDetailCollectionViewCell.m */; };
		9670C68218AEF1A5003959E7 /* JBStackExchangeQuestionDetailCollectionViewCell.m in Sources */ = {isa = PBXBuildFile; fileRef = 9670C68018AEF1A5003959E7 /* JBStackExchangeQuestionDetailCollectionViewCell.m */; };
		969CDAFB18B0823500F74FE2 /* JBStackExchangeBadgeCount.m in Sources */ = {isa = PBXBuildFile; fileRef = 969CDAFA18B0823500F74FE2 /* JBStackExchangeBadgeCount.m */; };
		969CDAFC18B0823500F74FE2 /* JBStackExchangeBadgeCount.m in Sources */ = {isa = PBXBuildFile; fileRef = 969CDAFA18B0823500F74FE2 /* JBStackExchangeBadgeCount.m */; };
		969CDAFF18B0824B00F74FE2 /* JBStackExchangeModel.m in Sources */ = {isa = PBXBuildFile; fileRef = 969CDAFE18B0824B00F74FE2 /* JBStackExchangeModel.m */; };
		969CDB0018B0824B00F74FE2 /* JBStackExchangeModel.m in Sources */ = {isa = PBXBuildFile; fileRef = 969CDAFE18B0824B00F74FE2 /* JBStackExchangeModel.m */; };
		96B04F9118B1AAAD00DD7797 /* NSAttributedString+JBStackExchangeExtensions.m in Sources */ = {isa = PBXBuildFile; fileRef = 96B04F9018B1AAAD00DD7797 /* NSAttributedString+JBStackExchangeExtensions.m */; };
		96B04F9218B1AAAD00DD7797 /* NSAttributedString+JBStackExchangeExtensions.m in Sources */ = {isa = PBXBuildFile; fileRef = 96B04F9018B1AAAD00DD7797 /* NSAttributedString+JBStackExchangeExtensions.m */; };
		96BD456418AFF9A8008B1F60 /* JBStackExchangeLoginViewController.m in Sources */ = {isa = PBXBuildFile; fileRef = 96BD456318AFF9A8008B1F60 /* JBStackExchangeLoginViewController.m */; };
		96BD456518AFF9A8008B1F60 /* JBStackExchangeLoginViewController.m in Sources */ = {isa = PBXBuildFile; fileRef = 96BD456318AFF9A8008B1F60 /* JBStackExchangeLoginViewController.m */; };
		96BD456818B0074B008B1F60 /* JBStackExchangeQuery.m in Sources */ = {isa = PBXBuildFile; fileRef = 96BD456718B0074B008B1F60 /* JBStackExchangeQuery.m */; };
		96BD456918B0074B008B1F60 /* JBStackExchangeQuery.m in Sources */ = {isa = PBXBuildFile; fileRef = 96BD456718B0074B008B1F60 /* JBStackExchangeQuery.m */; };
		96BD456C18B0081B008B1F60 /* JBStackExchangeSearchQuery.m in Sources */ = {isa = PBXBuildFile; fileRef = 96BD456B18B0081B008B1F60 /* JBStackExchangeSearchQuery.m */; };
		96BD456D18B0081B008B1F60 /* JBStackExchangeSearchQuery.m in Sources */ = {isa = PBXBuildFile; fileRef = 96BD456B18B0081B008B1F60 /* JBStackExchangeSearchQuery.m */; };
		96D7BBD918AC8E890085D5E0 /* Foundation.framework in Frameworks */ = {isa = PBXBuildFile; fileRef = 96D7BBD818AC8E890085D5E0 /* Foundation.framework */; };
		96D7BBDB18AC8E890085D5E0 /* CoreGraphics.framework in Frameworks */ = {isa = PBXBuildFile; fileRef = 96D7BBDA18AC8E890085D5E0 /* CoreGraphics.framework */; };
		96D7BBDD18AC8E890085D5E0 /* UIKit.framework in Frameworks */ = {isa = PBXBuildFile; fileRef = 96D7BBDC18AC8E890085D5E0 /* UIKit.framework */; };
		96D7BBE318AC8E890085D5E0 /* InfoPlist.strings in Resources */ = {isa = PBXBuildFile; fileRef = 96D7BBE118AC8E890085D5E0 /* InfoPlist.strings */; };
		96D7BBE518AC8E890085D5E0 /* main.m in Sources */ = {isa = PBXBuildFile; fileRef = 96D7BBE418AC8E890085D5E0 /* main.m */; };
		96D7BBE918AC8E890085D5E0 /* JBAppDelegate.m in Sources */ = {isa = PBXBuildFile; fileRef = 96D7BBE818AC8E890085D5E0 /* JBAppDelegate.m */; };
		96D7BBEC18AC8E890085D5E0 /* Main_iPhone.storyboard in Resources */ = {isa = PBXBuildFile; fileRef = 96D7BBEA18AC8E890085D5E0 /* Main_iPhone.storyboard */; };
		96D7BBEF18AC8E890085D5E0 /* Main_iPad.storyboard in Resources */ = {isa = PBXBuildFile; fileRef = 96D7BBED18AC8E890085D5E0 /* Main_iPad.storyboard */; };
		96D7BBF418AC8E890085D5E0 /* Images.xcassets in Resources */ = {isa = PBXBuildFile; fileRef = 96D7BBF318AC8E890085D5E0 /* Images.xcassets */; };
		96D7BBFB18AC8E8A0085D5E0 /* XCTest.framework in Frameworks */ = {isa = PBXBuildFile; fileRef = 96D7BBFA18AC8E8A0085D5E0 /* XCTest.framework */; };
		96D7BBFC18AC8E8A0085D5E0 /* Foundation.framework in Frameworks */ = {isa = PBXBuildFile; fileRef = 96D7BBD818AC8E890085D5E0 /* Foundation.framework */; };
		96D7BBFD18AC8E8A0085D5E0 /* UIKit.framework in Frameworks */ = {isa = PBXBuildFile; fileRef = 96D7BBDC18AC8E890085D5E0 /* UIKit.framework */; };
		96D7BC0518AC8E8A0085D5E0 /* InfoPlist.strings in Resources */ = {isa = PBXBuildFile; fileRef = 96D7BC0318AC8E8A0085D5E0 /* InfoPlist.strings */; };
		96D7BC1618AC8FA20085D5E0 /* JBStackExchangeSearchQuestionsViewController.m in Sources */ = {isa = PBXBuildFile; fileRef = 96D7BC1518AC8FA20085D5E0 /* JBStackExchangeSearchQuestionsViewController.m */; };
		96D7BC1918AC901E0085D5E0 /* JBStackExchangeAPIManager.m in Sources */ = {isa = PBXBuildFile; fileRef = 96D7BC1818AC901E0085D5E0 /* JBStackExchangeAPIManager.m */; };
		96D7BC1A18AC901E0085D5E0 /* JBStackExchangeAPIManager.m in Sources */ = {isa = PBXBuildFile; fileRef = 96D7BC1818AC901E0085D5E0 /* JBStackExchangeAPIManager.m */; };
		96D7BC1B18AC90220085D5E0 /* JBStackExchangeSearchQuestionsViewController.m in Sources */ = {isa = PBXBuildFile; fileRef = 96D7BC1518AC8FA20085D5E0 /* JBStackExchangeSearchQuestionsViewController.m */; };
		96D7BC2018AC90770085D5E0 /* JBStackExchangeQuestionSummaryCollectionViewCell.m in Sources */ = {isa = PBXBuildFile; fileRef = 96D7BC1F18AC90770085D5E0 /* JBStackExchangeQuestionSummaryCollectionViewCell.m */; };
		96D7BC2118AC90770085D5E0 /* JBStackExchangeQuestionSummaryCollectionViewCell.m in Sources */ = {isa = PBXBuildFile; fileRef = 96D7BC1F18AC90770085D5E0 /* JBStackExchangeQuestionSummaryCollectionViewCell.m */; };
		96D7BC2418AC91260085D5E0 /* JBStackExchangeResponse.m in Sources */ = {isa = PBXBuildFile; fileRef = 96D7BC2318AC91260085D5E0 /* JBStackExchangeResponse.m */; };
		96D7BC2518AC91260085D5E0 /* JBStackExchangeResponse.m in Sources */ = {isa = PBXBuildFile; fileRef = 96D7BC2318AC91260085D5E0 /* JBStackExchangeResponse.m */; };
		96D7BC2818AC917C0085D5E0 /* JBStackExchangeQuestionItem.m in Sources */ = {isa = PBXBuildFile; fileRef = 96D7BC2718AC917C0085D5E0 /* JBStackExchangeQuestionItem.m */; };
		96D7BC2918AC917C0085D5E0 /* JBStackExchangeQuestionItem.m in Sources */ = {isa = PBXBuildFile; fileRef = 96D7BC2718AC917C0085D5E0 /* JBStackExchangeQuestionItem.m */; };
		96D7BC2C18AF30CD0085D5E0 /* JBStackExchangeAnswerSummaryCollectionViewCell.m in Sources */ = {isa = PBXBuildFile; fileRef = 96D7BC2B18AF30CD0085D5E0 /* JBStackExchangeAnswerSummaryCollectionViewCell.m */; };
		96D7BC2F18AF325E0085D5E0 /* JBStackExchangeAnswerItem.m in Sources */ = {isa = PBXBuildFile; fileRef = 96D7BC2E18AF325E0085D5E0 /* JBStackExchangeAnswerItem.m */; };
		96D7BC3018AF325E0085D5E0 /* JBStackExchangeAnswerItem.m in Sources */ = {isa = PBXBuildFile; fileRef = 96D7BC2E18AF325E0085D5E0 /* JBStackExchangeAnswerItem.m */; };
/* End PBXBuildFile section */

/* Begin PBXContainerItemProxy section */
		96D7BBFE18AC8E8A0085D5E0 /* PBXContainerItemProxy */ = {
			isa = PBXContainerItemProxy;
			containerPortal = 96D7BBCD18AC8E890085D5E0 /* Project object */;
			proxyType = 1;
			remoteGlobalIDString = 96D7BBD418AC8E890085D5E0;
			remoteInfo = StackOverflow;
		};
/* End PBXContainerItemProxy section */

/* Begin PBXFileReference section */
		960DEC3318B0890D0017729C /* JBStackExchangeFilterQuestionsViewController.h */ = {isa = PBXFileReference; fileEncoding = 4; lastKnownFileType = sourcecode.c.h; name = JBStackExchangeFilterQuestionsViewController.h; path = Classes/JBStackExchangeFilterQuestionsViewController.h; sourceTree = "<group>"; };
		960DEC3418B0890D0017729C /* JBStackExchangeFilterQuestionsViewController.m */ = {isa = PBXFileReference; fileEncoding = 4; lastKnownFileType = sourcecode.c.objc; name = JBStackExchangeFilterQuestionsViewController.m; path = Classes/JBStackExchangeFilterQuestionsViewController.m; sourceTree = "<group>"; };
		960DEC3918B08CF20017729C /* JBStackExchangeFilterOptions.h */ = {isa = PBXFileReference; fileEncoding = 4; lastKnownFileType = sourcecode.c.h; name = JBStackExchangeFilterOptions.h; path = Classes/JBStackExchangeFilterOptions.h; sourceTree = "<group>"; };
		960DEC3A18B08CF20017729C /* JBStackExchangeFilterOptions.m */ = {isa = PBXFileReference; fileEncoding = 4; lastKnownFileType = sourcecode.c.objc; name = JBStackExchangeFilterOptions.m; path = Classes/JBStackExchangeFilterOptions.m; sourceTree = "<group>"; };
		960DEC3D18B08D0A0017729C /* JBStackExchangeFilterItemTableViewCell.h */ = {isa = PBXFileReference; fileEncoding = 4; lastKnownFileType = sourcecode.c.h; name = JBStackExchangeFilterItemTableViewCell.h; path = Classes/JBStackExchangeFilterItemTableViewCell.h; sourceTree = "<group>"; };
		960DEC3E18B08D0A0017729C /* JBStackExchangeFilterItemTableViewCell.m */ = {isa = PBXFileReference; fileEncoding = 4; lastKnownFileType = sourcecode.c.objc; name = JBStackExchangeFilterItemTableViewCell.m; path = Classes/JBStackExchangeFilterItemTableViewCell.m; sourceTree = "<group>"; };
		960DEC4218B09DE10017729C /* JBStackExchangeLoadMoreCellsCollectionViewCell.h */ = {isa = PBXFileReference; fileEncoding = 4; lastKnownFileType = sourcecode.c.h; name = JBStackExchangeLoadMoreCellsCollectionViewCell.h; path = Classes/JBStackExchangeLoadMoreCellsCollectionViewCell.h; sourceTree = "<group>"; };
		960DEC4318B09DE10017729C /* JBStackExchangeLoadMoreCellsCollectionViewCell.m */ = {isa = PBXFileReference; fileEncoding = 4; lastKnownFileType = sourcecode.c.objc; name = JBStackExchangeLoadMoreCellsCollectionViewCell.m; path = Classes/JBStackExchangeLoadMoreCellsCollectionViewCell.m; sourceTree = "<group>"; };
		960DEC4C18B0ABDC0017729C /* JBStackExchangeResponseTests.m */ = {isa = PBXFileReference; fileEncoding = 4; lastKnownFileType = sourcecode.c.objc; path = JBStackExchangeResponseTests.m; sourceTree = "<group>"; };
		960DEC5018B0ACC40017729C /* JBStackExchangeTestHelper.h */ = {isa = PBXFileReference; fileEncoding = 4; lastKnownFileType = sourcecode.c.h; path = JBStackExchangeTestHelper.h; sourceTree = "<group>"; };
		960DEC5118B0ACC40017729C /* JBStackExchangeTestHelper.m */ = {isa = PBXFileReference; fileEncoding = 4; lastKnownFileType = sourcecode.c.objc; path = JBStackExchangeTestHelper.m; sourceTree = "<group>"; };
		960DEC5318B0AD7E0017729C /* JBStackExchangeResponseJSON.json */ = {isa = PBXFileReference; fileEncoding = 4; lastKnownFileType = text.json; path = JBStackExchangeResponseJSON.json; sourceTree = "<group>"; };
		961E6EA318B0301500D6A9A5 /* JBStackExchangeQuestionOwnerCollectionViewCell.h */ = {isa = PBXFileReference; fileEncoding = 4; lastKnownFileType = sourcecode.c.h; name = JBStackExchangeQuestionOwnerCollectionViewCell.h; path = Classes/JBStackExchangeQuestionOwnerCollectionViewCell.h; sourceTree = "<group>"; };
		961E6EA418B0301500D6A9A5 /* JBStackExchangeQuestionOwnerCollectionViewCell.m */ = {isa = PBXFileReference; fileEncoding = 4; lastKnownFileType = sourcecode.c.objc; name = JBStackExchangeQuestionOwnerCollectionViewCell.m; path = Classes/JBStackExchangeQuestionOwnerCollectionViewCell.m; sourceTree = "<group>"; };
		961E6EA618B0303F00D6A9A5 /* JBStackExchangeItemOwner.h */ = {isa = PBXFileReference; fileEncoding = 4; lastKnownFileType = sourcecode.c.h; name = JBStackExchangeItemOwner.h; path = Classes/JBStackExchangeItemOwner.h; sourceTree = "<group>"; };
		961E6EA718B0303F00D6A9A5 /* JBStackExchangeItemOwner.m */ = {isa = PBXFileReference; fileEncoding = 4; lastKnownFileType = sourcecode.c.objc; name = JBStackExchangeItemOwner.m; path = Classes/JBStackExchangeItemOwner.m; sourceTree = "<group>"; };
		9670C64E18ADC610003959E7 /* JBStackExchangeAPIOptions.h */ = {isa = PBXFileReference; fileEncoding = 4; lastKnownFileType = sourcecode.c.h; name = JBStackExchangeAPIOptions.h; path = Classes/JBStackExchangeAPIOptions.h; sourceTree = "<group>"; };
		9670C64F18ADC610003959E7 /* JBStackExchangeAPIOptions.m */ = {isa = PBXFileReference; fileEncoding = 4; lastKnownFileType = sourcecode.c.objc; name = JBStackExchangeAPIOptions.m; path = Classes/JBStackExchangeAPIOptions.m; sourceTree = "<group>"; };
		9670C65218ADD57E003959E7 /* JBStackExchangeResponseItem.h */ = {isa = PBXFileReference; fileEncoding = 4; lastKnownFileType = sourcecode.c.h; name = JBStackExchangeResponseItem.h; path = Classes/JBStackExchangeResponseItem.h; sourceTree = "<group>"; };
		9670C65318ADD57E003959E7 /* JBStackExchangeResponseItem.m */ = {isa = PBXFileReference; fileEncoding = 4; lastKnownFileType = sourcecode.c.objc; name = JBStackExchangeResponseItem.m; path = Classes/JBStackExchangeResponseItem.m; sourceTree = "<group>"; };
		9670C65618AE85FF003959E7 /* JBStackExchangeSiteItem.h */ = {isa = PBXFileReference; fileEncoding = 4; lastKnownFileType = sourcecode.c.h; name = JBStackExchangeSiteItem.h; path = Classes/JBStackExchangeSiteItem.h; sourceTree = "<group>"; };
		9670C65718AE85FF003959E7 /* JBStackExchangeSiteItem.m */ = {isa = PBXFileReference; fileEncoding = 4; lastKnownFileType = sourcecode.c.objc; name = JBStackExchangeSiteItem.m; path = Classes/JBStackExchangeSiteItem.m; sourceTree = "<group>"; };
		9670C65A18AE8A18003959E7 /* JBStackExchangeSitesViewController.h */ = {isa = PBXFileReference; fileEncoding = 4; lastKnownFileType = sourcecode.c.h; name = JBStackExchangeSitesViewController.h; path = Classes/JBStackExchangeSitesViewController.h; sourceTree = "<group>"; };
		9670C65B18AE8A18003959E7 /* JBStackExchangeSitesViewController.m */ = {isa = PBXFileReference; fileEncoding = 4; lastKnownFileType = sourcecode.c.objc; name = JBStackExchangeSitesViewController.m; path = Classes/JBStackExchangeSitesViewController.m; sourceTree = "<group>"; };
		9670C66018AE8CC5003959E7 /* JBStackExchangeSitesCollectionViewCell.h */ = {isa = PBXFileReference; fileEncoding = 4; lastKnownFileType = sourcecode.c.h; name = JBStackExchangeSitesCollectionViewCell.h; path = Classes/JBStackExchangeSitesCollectionViewCell.h; sourceTree = "<group>"; };
		9670C66118AE8CC5003959E7 /* JBStackExchangeSitesCollectionViewCell.m */ = {isa = PBXFileReference; fileEncoding = 4; lastKnownFileType = sourcecode.c.objc; name = JBStackExchangeSitesCollectionViewCell.m; path = Classes/JBStackExchangeSitesCollectionViewCell.m; sourceTree = "<group>"; };
		9670C67B18AEEE98003959E7 /* JBStackExchangeQuestionDetailViewController.h */ = {isa = PBXFileReference; fileEncoding = 4; lastKnownFileType = sourcecode.c.h; name = JBStackExchangeQuestionDetailViewController.h; path = Classes/JBStackExchangeQuestionDetailViewController.h; sourceTree = "<group>"; };
		9670C67C18AEEE98003959E7 /* JBStackExchangeQuestionDetailViewController.m */ = {isa = PBXFileReference; fileEncoding = 4; lastKnownFileType = sourcecode.c.objc; name = JBStackExchangeQuestionDetailViewController.m; path = Classes/JBStackExchangeQuestionDetailViewController.m; sourceTree = "<group>"; };
		9670C67F18AEF1A5003959E7 /* JBStackExchangeQuestionDetailCollectionViewCell.h */ = {isa = PBXFileReference; fileEncoding = 4; lastKnownFileType = sourcecode.c.h; name = JBStackExchangeQuestionDetailCollectionViewCell.h; path = Classes/JBStackExchangeQuestionDetailCollectionViewCell.h; sourceTree = "<group>"; };
		9670C68018AEF1A5003959E7 /* JBStackExchangeQuestionDetailCollectionViewCell.m */ = {isa = PBXFileReference; fileEncoding = 4; lastKnownFileType = sourcecode.c.objc; name = JBStackExchangeQuestionDetailCollectionViewCell.m; path = Classes/JBStackExchangeQuestionDetailCollectionViewCell.m; sourceTree = "<group>"; };
		969CDAF918B0823500F74FE2 /* JBStackExchangeBadgeCount.h */ = {isa = PBXFileReference; fileEncoding = 4; lastKnownFileType = sourcecode.c.h; name = JBStackExchangeBadgeCount.h; path = Classes/JBStackExchangeBadgeCount.h; sourceTree = "<group>"; };
		969CDAFA18B0823500F74FE2 /* JBStackExchangeBadgeCount.m */ = {isa = PBXFileReference; fileEncoding = 4; lastKnownFileType = sourcecode.c.objc; name = JBStackExchangeBadgeCount.m; path = Classes/JBStackExchangeBadgeCount.m; sourceTree = "<group>"; };
		969CDAFD18B0824B00F74FE2 /* JBStackExchangeModel.h */ = {isa = PBXFileReference; fileEncoding = 4; lastKnownFileType = sourcecode.c.h; name = JBStackExchangeModel.h; path = Classes/JBStackExchangeModel.h; sourceTree = "<group>"; };
		969CDAFE18B0824B00F74FE2 /* JBStackExchangeModel.m */ = {isa = PBXFileReference; fileEncoding = 4; lastKnownFileType = sourcecode.c.objc; name = JBStackExchangeModel.m; path = Classes/JBStackExchangeModel.m; sourceTree = "<group>"; };
		96B04F8F18B1AAAD00DD7797 /* NSAttributedString+JBStackExchangeExtensions.h */ = {isa = PBXFileReference; fileEncoding = 4; lastKnownFileType = sourcecode.c.h; name = "NSAttributedString+JBStackExchangeExtensions.h"; path = "Classes/NSAttributedString+JBStackExchangeExtensions.h"; sourceTree = "<group>"; };
		96B04F9018B1AAAD00DD7797 /* NSAttributedString+JBStackExchangeExtensions.m */ = {isa = PBXFileReference; fileEncoding = 4; lastKnownFileType = sourcecode.c.objc; name = "NSAttributedString+JBStackExchangeExtensions.m"; path = "Classes/NSAttributedString+JBStackExchangeExtensions.m"; sourceTree = "<group>"; };
		96BD456218AFF9A8008B1F60 /* JBStackExchangeLoginViewController.h */ = {isa = PBXFileReference; fileEncoding = 4; lastKnownFileType = sourcecode.c.h; name = JBStackExchangeLoginViewController.h; path = Classes/JBStackExchangeLoginViewController.h; sourceTree = "<group>"; };
		96BD456318AFF9A8008B1F60 /* JBStackExchangeLoginViewController.m */ = {isa = PBXFileReference; fileEncoding = 4; lastKnownFileType = sourcecode.c.objc; name = JBStackExchangeLoginViewController.m; path = Classes/JBStackExchangeLoginViewController.m; sourceTree = "<group>"; };
		96BD456618B0074A008B1F60 /* JBStackExchangeQuery.h */ = {isa = PBXFileReference; fileEncoding = 4; lastKnownFileType = sourcecode.c.h; name = JBStackExchangeQuery.h; path = Classes/JBStackExchangeQuery.h; sourceTree = "<group>"; };
		96BD456718B0074B008B1F60 /* JBStackExchangeQuery.m */ = {isa = PBXFileReference; fileEncoding = 4; lastKnownFileType = sourcecode.c.objc; name = JBStackExchangeQuery.m; path = Classes/JBStackExchangeQuery.m; sourceTree = "<group>"; };
		96BD456A18B0081B008B1F60 /* JBStackExchangeSearchQuery.h */ = {isa = PBXFileReference; fileEncoding = 4; lastKnownFileType = sourcecode.c.h; name = JBStackExchangeSearchQuery.h; path = Classes/JBStackExchangeSearchQuery.h; sourceTree = "<group>"; };
		96BD456B18B0081B008B1F60 /* JBStackExchangeSearchQuery.m */ = {isa = PBXFileReference; fileEncoding = 4; lastKnownFileType = sourcecode.c.objc; name = JBStackExchangeSearchQuery.m; path = Classes/JBStackExchangeSearchQuery.m; sourceTree = "<group>"; };
		96D7BBD518AC8E890085D5E0 /* StackOverflow.app */ = {isa = PBXFileReference; explicitFileType = wrapper.application; includeInIndex = 0; path = StackOverflow.app; sourceTree = BUILT_PRODUCTS_DIR; };
		96D7BBD818AC8E890085D5E0 /* Foundation.framework */ = {isa = PBXFileReference; lastKnownFileType = wrapper.framework; name = Foundation.framework; path = System/Library/Frameworks/Foundation.framework; sourceTree = SDKROOT; };
		96D7BBDA18AC8E890085D5E0 /* CoreGraphics.framework */ = {isa = PBXFileReference; lastKnownFileType = wrapper.framework; name = CoreGraphics.framework; path = System/Library/Frameworks/CoreGraphics.framework; sourceTree = SDKROOT; };
		96D7BBDC18AC8E890085D5E0 /* UIKit.framework */ = {isa = PBXFileReference; lastKnownFileType = wrapper.framework; name = UIKit.framework; path = System/Library/Frameworks/UIKit.framework; sourceTree = SDKROOT; };
		96D7BBE018AC8E890085D5E0 /* StackOverflow-Info.plist */ = {isa = PBXFileReference; lastKnownFileType = text.plist.xml; name = "StackOverflow-Info.plist"; path = "Resources/StackOverflow-Info.plist"; sourceTree = "<group>"; };
		96D7BBE218AC8E890085D5E0 /* en */ = {isa = PBXFileReference; lastKnownFileType = text.plist.strings; name = en; path = en.lproj/InfoPlist.strings; sourceTree = "<group>"; };
		96D7BBE418AC8E890085D5E0 /* main.m */ = {isa = PBXFileReference; lastKnownFileType = sourcecode.c.objc; path = main.m; sourceTree = "<group>"; };
		96D7BBE618AC8E890085D5E0 /* StackOverflow-Prefix.pch */ = {isa = PBXFileReference; lastKnownFileType = sourcecode.c.h; name = "StackOverflow-Prefix.pch"; path = "Resources/StackOverflow-Prefix.pch"; sourceTree = "<group>"; };
		96D7BBE718AC8E890085D5E0 /* JBAppDelegate.h */ = {isa = PBXFileReference; lastKnownFileType = sourcecode.c.h; path = JBAppDelegate.h; sourceTree = "<group>"; };
		96D7BBE818AC8E890085D5E0 /* JBAppDelegate.m */ = {isa = PBXFileReference; lastKnownFileType = sourcecode.c.objc; path = JBAppDelegate.m; sourceTree = "<group>"; };
		96D7BBEB18AC8E890085D5E0 /* Base */ = {isa = PBXFileReference; lastKnownFileType = file.storyboard; name = Base; path = Base.lproj/Main_iPhone.storyboard; sourceTree = "<group>"; };
		96D7BBEE18AC8E890085D5E0 /* Base */ = {isa = PBXFileReference; lastKnownFileType = file.storyboard; name = Base; path = Base.lproj/Main_iPad.storyboard; sourceTree = "<group>"; };
		96D7BBF318AC8E890085D5E0 /* Images.xcassets */ = {isa = PBXFileReference; lastKnownFileType = folder.assetcatalog; name = Images.xcassets; path = Resources/Images.xcassets; sourceTree = "<group>"; };
		96D7BBF918AC8E8A0085D5E0 /* StackOverflowTests.xctest */ = {isa = PBXFileReference; explicitFileType = wrapper.cfbundle; includeInIndex = 0; path = StackOverflowTests.xctest; sourceTree = BUILT_PRODUCTS_DIR; };
		96D7BBFA18AC8E8A0085D5E0 /* XCTest.framework */ = {isa = PBXFileReference; lastKnownFileType = wrapper.framework; name = XCTest.framework; path = Library/Frameworks/XCTest.framework; sourceTree = DEVELOPER_DIR; };
		96D7BC0218AC8E8A0085D5E0 /* StackOverflowTests-Info.plist */ = {isa = PBXFileReference; lastKnownFileType = text.plist.xml; path = "StackOverflowTests-Info.plist"; sourceTree = "<group>"; };
		96D7BC0418AC8E8A0085D5E0 /* en */ = {isa = PBXFileReference; lastKnownFileType = text.plist.strings; name = en; path = en.lproj/InfoPlist.strings; sourceTree = "<group>"; };
		96D7BC1418AC8FA20085D5E0 /* JBStackExchangeSearchQuestionsViewController.h */ = {isa = PBXFileReference; fileEncoding = 4; lastKnownFileType = sourcecode.c.h; name = JBStackExchangeSearchQuestionsViewController.h; path = Classes/JBStackExchangeSearchQuestionsViewController.h; sourceTree = "<group>"; };
		96D7BC1518AC8FA20085D5E0 /* JBStackExchangeSearchQuestionsViewController.m */ = {isa = PBXFileReference; fileEncoding = 4; lastKnownFileType = sourcecode.c.objc; name = JBStackExchangeSearchQuestionsViewController.m; path = Classes/JBStackExchangeSearchQuestionsViewController.m; sourceTree = "<group>"; };
		96D7BC1718AC901E0085D5E0 /* JBStackExchangeAPIManager.h */ = {isa = PBXFileReference; fileEncoding = 4; lastKnownFileType = sourcecode.c.h; name = JBStackExchangeAPIManager.h; path = Classes/JBStackExchangeAPIManager.h; sourceTree = "<group>"; };
		96D7BC1818AC901E0085D5E0 /* JBStackExchangeAPIManager.m */ = {isa = PBXFileReference; fileEncoding = 4; lastKnownFileType = sourcecode.c.objc; name = JBStackExchangeAPIManager.m; path = Classes/JBStackExchangeAPIManager.m; sourceTree = "<group>"; };
		96D7BC1E18AC90770085D5E0 /* JBStackExchangeQuestionSummaryCollectionViewCell.h */ = {isa = PBXFileReference; fileEncoding = 4; lastKnownFileType = sourcecode.c.h; name = JBStackExchangeQuestionSummaryCollectionViewCell.h; path = Classes/JBStackExchangeQuestionSummaryCollectionViewCell.h; sourceTree = "<group>"; };
		96D7BC1F18AC90770085D5E0 /* JBStackExchangeQuestionSummaryCollectionViewCell.m */ = {isa = PBXFileReference; fileEncoding = 4; lastKnownFileType = sourcecode.c.objc; name = JBStackExchangeQuestionSummaryCollectionViewCell.m; path = Classes/JBStackExchangeQuestionSummaryCollectionViewCell.m; sourceTree = "<group>"; };
		96D7BC2218AC91260085D5E0 /* JBStackExchangeResponse.h */ = {isa = PBXFileReference; fileEncoding = 4; lastKnownFileType = sourcecode.c.h; name = JBStackExchangeResponse.h; path = Classes/JBStackExchangeResponse.h; sourceTree = "<group>"; };
		96D7BC2318AC91260085D5E0 /* JBStackExchangeResponse.m */ = {isa = PBXFileReference; fileEncoding = 4; lastKnownFileType = sourcecode.c.objc; name = JBStackExchangeResponse.m; path = Classes/JBStackExchangeResponse.m; sourceTree = "<group>"; };
		96D7BC2618AC917C0085D5E0 /* JBStackExchangeQuestionItem.h */ = {isa = PBXFileReference; fileEncoding = 4; lastKnownFileType = sourcecode.c.h; name = JBStackExchangeQuestionItem.h; path = Classes/JBStackExchangeQuestionItem.h; sourceTree = "<group>"; };
		96D7BC2718AC917C0085D5E0 /* JBStackExchangeQuestionItem.m */ = {isa = PBXFileReference; fileEncoding = 4; lastKnownFileType = sourcecode.c.objc; name = JBStackExchangeQuestionItem.m; path = Classes/JBStackExchangeQuestionItem.m; sourceTree = "<group>"; };
		96D7BC2A18AF30CD0085D5E0 /* JBStackExchangeAnswerSummaryCollectionViewCell.h */ = {isa = PBXFileReference; fileEncoding = 4; lastKnownFileType = sourcecode.c.h; name = JBStackExchangeAnswerSummaryCollectionViewCell.h; path = Classes/JBStackExchangeAnswerSummaryCollectionViewCell.h; sourceTree = "<group>"; };
		96D7BC2B18AF30CD0085D5E0 /* JBStackExchangeAnswerSummaryCollectionViewCell.m */ = {isa = PBXFileReference; fileEncoding = 4; lastKnownFileType = sourcecode.c.objc; name = JBStackExchangeAnswerSummaryCollectionViewCell.m; path = Classes/JBStackExchangeAnswerSummaryCollectionViewCell.m; sourceTree = "<group>"; };
		96D7BC2D18AF325E0085D5E0 /* JBStackExchangeAnswerItem.h */ = {isa = PBXFileReference; fileEncoding = 4; lastKnownFileType = sourcecode.c.h; name = JBStackExchangeAnswerItem.h; path = Classes/JBStackExchangeAnswerItem.h; sourceTree = "<group>"; };
		96D7BC2E18AF325E0085D5E0 /* JBStackExchangeAnswerItem.m */ = {isa = PBXFileReference; fileEncoding = 4; lastKnownFileType = sourcecode.c.objc; name = JBStackExchangeAnswerItem.m; path = Classes/JBStackExchangeAnswerItem.m; sourceTree = "<group>"; };
/* End PBXFileReference section */

/* Begin PBXFrameworksBuildPhase section */
		96D7BBD218AC8E890085D5E0 /* Frameworks */ = {
			isa = PBXFrameworksBuildPhase;
			buildActionMask = 2147483647;
			files = (
				96D7BBDB18AC8E890085D5E0 /* CoreGraphics.framework in Frameworks */,
				96D7BBDD18AC8E890085D5E0 /* UIKit.framework in Frameworks */,
				96D7BBD918AC8E890085D5E0 /* Foundation.framework in Frameworks */,
			);
			runOnlyForDeploymentPostprocessing = 0;
		};
		96D7BBF618AC8E8A0085D5E0 /* Frameworks */ = {
			isa = PBXFrameworksBuildPhase;
			buildActionMask = 2147483647;
			files = (
				96D7BBFB18AC8E8A0085D5E0 /* XCTest.framework in Frameworks */,
				96D7BBFD18AC8E8A0085D5E0 /* UIKit.framework in Frameworks */,
				96D7BBFC18AC8E8A0085D5E0 /* Foundation.framework in Frameworks */,
			);
			runOnlyForDeploymentPostprocessing = 0;
		};
/* End PBXFrameworksBuildPhase section */

/* Begin PBXGroup section */
		960DEC3718B08CD40017729C /* Filters */ = {
			isa = PBXGroup;
			children = (
				960DEC3818B08CDE0017729C /* Views */,
				960DEC3318B0890D0017729C /* JBStackExchangeFilterQuestionsViewController.h */,
				960DEC3418B0890D0017729C /* JBStackExchangeFilterQuestionsViewController.m */,
			);
			name = Filters;
			sourceTree = "<group>";
		};
		960DEC3818B08CDE0017729C /* Views */ = {
			isa = PBXGroup;
			children = (
				960DEC3D18B08D0A0017729C /* JBStackExchangeFilterItemTableViewCell.h */,
				960DEC3E18B08D0A0017729C /* JBStackExchangeFilterItemTableViewCell.m */,
			);
			name = Views;
			sourceTree = "<group>";
		};
		960DEC4E18B0ABF60017729C /* Mock Data */ = {
			isa = PBXGroup;
			children = (
				960DEC5318B0AD7E0017729C /* JBStackExchangeResponseJSON.json */,
			);
			name = "Mock Data";
			sourceTree = "<group>";
		};
		960DEC4F18B0AC9F0017729C /* Test Helpers */ = {
			isa = PBXGroup;
			children = (
				960DEC5018B0ACC40017729C /* JBStackExchangeTestHelper.h */,
				960DEC5118B0ACC40017729C /* JBStackExchangeTestHelper.m */,
			);
			name = "Test Helpers";
			sourceTree = "<group>";
		};
		9670C65E18AE8CA6003959E7 /* Sites */ = {
			isa = PBXGroup;
			children = (
				9670C65F18AE8CB0003959E7 /* Views */,
				9670C65A18AE8A18003959E7 /* JBStackExchangeSitesViewController.h */,
				9670C65B18AE8A18003959E7 /* JBStackExchangeSitesViewController.m */,
			);
			name = Sites;
			sourceTree = "<group>";
		};
		9670C65F18AE8CB0003959E7 /* Views */ = {
			isa = PBXGroup;
			children = (
				9670C66018AE8CC5003959E7 /* JBStackExchangeSitesCollectionViewCell.h */,
				9670C66118AE8CC5003959E7 /* JBStackExchangeSitesCollectionViewCell.m */,
			);
			name = Views;
			sourceTree = "<group>";
		};
		96B04F8E18B1AA6700DD7797 /* Categories */ = {
			isa = PBXGroup;
			children = (
				96B04F8F18B1AAAD00DD7797 /* NSAttributedString+JBStackExchangeExtensions.h */,
				96B04F9018B1AAAD00DD7797 /* NSAttributedString+JBStackExchangeExtensions.m */,
			);
			name = Categories;
			sourceTree = "<group>";
		};
		96B04F9318B1ACB700DD7797 /* Response Objects */ = {
			isa = PBXGroup;
			children = (
				96D7BC2D18AF325E0085D5E0 /* JBStackExchangeAnswerItem.h */,
				96D7BC2E18AF325E0085D5E0 /* JBStackExchangeAnswerItem.m */,
				96D7BC2618AC917C0085D5E0 /* JBStackExchangeQuestionItem.h */,
				96D7BC2718AC917C0085D5E0 /* JBStackExchangeQuestionItem.m */,
				96D7BC2218AC91260085D5E0 /* JBStackExchangeResponse.h */,
				96D7BC2318AC91260085D5E0 /* JBStackExchangeResponse.m */,
				9670C65218ADD57E003959E7 /* JBStackExchangeResponseItem.h */,
				9670C65318ADD57E003959E7 /* JBStackExchangeResponseItem.m */,
				9670C65618AE85FF003959E7 /* JBStackExchangeSiteItem.h */,
				9670C65718AE85FF003959E7 /* JBStackExchangeSiteItem.m */,
			);
			name = "Response Objects";
			sourceTree = "<group>";
		};
		96B04F9418B1ACBE00DD7797 /* Convenience Models */ = {
			isa = PBXGroup;
			children = (
				969CDAF918B0823500F74FE2 /* JBStackExchangeBadgeCount.h */,
				969CDAFA18B0823500F74FE2 /* JBStackExchangeBadgeCount.m */,
				960DEC3918B08CF20017729C /* JBStackExchangeFilterOptions.h */,
				960DEC3A18B08CF20017729C /* JBStackExchangeFilterOptions.m */,
				961E6EA618B0303F00D6A9A5 /* JBStackExchangeItemOwner.h */,
				961E6EA718B0303F00D6A9A5 /* JBStackExchangeItemOwner.m */,
				969CDAFD18B0824B00F74FE2 /* JBStackExchangeModel.h */,
				969CDAFE18B0824B00F74FE2 /* JBStackExchangeModel.m */,
			);
			name = "Convenience Models";
			sourceTree = "<group>";
		};
		96BD456118AFF8D2008B1F60 /* Login */ = {
			isa = PBXGroup;
			children = (
				96BD456218AFF9A8008B1F60 /* JBStackExchangeLoginViewController.h */,
				96BD456318AFF9A8008B1F60 /* JBStackExchangeLoginViewController.m */,
			);
			name = Login;
			sourceTree = "<group>";
		};
		96D7BBCC18AC8E890085D5E0 = {
			isa = PBXGroup;
			children = (
				96D7BBDE18AC8E890085D5E0 /* StackOverflow */,
				96D7BC0018AC8E8A0085D5E0 /* StackOverflowTests */,
				96D7BBD718AC8E890085D5E0 /* Frameworks */,
				96D7BBD618AC8E890085D5E0 /* Products */,
			);
			sourceTree = "<group>";
		};
		96D7BBD618AC8E890085D5E0 /* Products */ = {
			isa = PBXGroup;
			children = (
				96D7BBD518AC8E890085D5E0 /* StackOverflow.app */,
				96D7BBF918AC8E8A0085D5E0 /* StackOverflowTests.xctest */,
			);
			name = Products;
			sourceTree = "<group>";
		};
		96D7BBD718AC8E890085D5E0 /* Frameworks */ = {
			isa = PBXGroup;
			children = (
				96D7BBD818AC8E890085D5E0 /* Foundation.framework */,
				96D7BBDA18AC8E890085D5E0 /* CoreGraphics.framework */,
				96D7BBDC18AC8E890085D5E0 /* UIKit.framework */,
				96D7BBFA18AC8E8A0085D5E0 /* XCTest.framework */,
			);
			name = Frameworks;
			sourceTree = "<group>";
		};
		96D7BBDE18AC8E890085D5E0 /* StackOverflow */ = {
			isa = PBXGroup;
			children = (
				96B04F8E18B1AA6700DD7797 /* Categories */,
				96D7BC1118AC8EE90085D5E0 /* Models */,
				96D7BC1018AC8EE40085D5E0 /* Networking */,
				96D7BC1218AC8EF10085D5E0 /* View Controllers */,
				96D7BBE718AC8E890085D5E0 /* JBAppDelegate.h */,
				96D7BBE818AC8E890085D5E0 /* JBAppDelegate.m */,
				96D7BBDF18AC8E890085D5E0 /* Supporting Files */,
			);
			path = StackOverflow;
			sourceTree = "<group>";
		};
		96D7BBDF18AC8E890085D5E0 /* Supporting Files */ = {
			isa = PBXGroup;
			children = (
				96D7BC1318AC8F170085D5E0 /* Storyboards */,
				96D7BBF318AC8E890085D5E0 /* Images.xcassets */,
				96D7BBE018AC8E890085D5E0 /* StackOverflow-Info.plist */,
				96D7BBE118AC8E890085D5E0 /* InfoPlist.strings */,
				96D7BBE418AC8E890085D5E0 /* main.m */,
				96D7BBE618AC8E890085D5E0 /* StackOverflow-Prefix.pch */,
			);
			name = "Supporting Files";
			sourceTree = "<group>";
		};
		96D7BC0018AC8E8A0085D5E0 /* StackOverflowTests */ = {
			isa = PBXGroup;
			children = (
				960DEC4F18B0AC9F0017729C /* Test Helpers */,
				960DEC4C18B0ABDC0017729C /* JBStackExchangeResponseTests.m */,
				96D7BC0118AC8E8A0085D5E0 /* Supporting Files */,
			);
			path = StackOverflowTests;
			sourceTree = "<group>";
		};
		96D7BC0118AC8E8A0085D5E0 /* Supporting Files */ = {
			isa = PBXGroup;
			children = (
				960DEC4E18B0ABF60017729C /* Mock Data */,
				96D7BC0218AC8E8A0085D5E0 /* StackOverflowTests-Info.plist */,
				96D7BC0318AC8E8A0085D5E0 /* InfoPlist.strings */,
			);
			name = "Supporting Files";
			sourceTree = "<group>";
		};
		96D7BC1018AC8EE40085D5E0 /* Networking */ = {
			isa = PBXGroup;
			children = (
				96D7BC1718AC901E0085D5E0 /* JBStackExchangeAPIManager.h */,
				96D7BC1818AC901E0085D5E0 /* JBStackExchangeAPIManager.m */,
				9670C64E18ADC610003959E7 /* JBStackExchangeAPIOptions.h */,
				9670C64F18ADC610003959E7 /* JBStackExchangeAPIOptions.m */,
				96BD456618B0074A008B1F60 /* JBStackExchangeQuery.h */,
				96BD456718B0074B008B1F60 /* JBStackExchangeQuery.m */,
				96BD456A18B0081B008B1F60 /* JBStackExchangeSearchQuery.h */,
				96BD456B18B0081B008B1F60 /* JBStackExchangeSearchQuery.m */,
			);
			name = Networking;
			sourceTree = "<group>";
		};
		96D7BC1118AC8EE90085D5E0 /* Models */ = {
			isa = PBXGroup;
			children = (
				96B04F9418B1ACBE00DD7797 /* Convenience Models */,
				96B04F9318B1ACB700DD7797 /* Response Objects */,
			);
			name = Models;
			sourceTree = "<group>";
		};
		96D7BC1218AC8EF10085D5E0 /* View Controllers */ = {
			isa = PBXGroup;
			children = (
				96BD456118AFF8D2008B1F60 /* Login */,
				9670C65E18AE8CA6003959E7 /* Sites */,
				96D7BC1C18AC902F0085D5E0 /* Questions */,
			);
			name = "View Controllers";
			sourceTree = "<group>";
		};
		96D7BC1318AC8F170085D5E0 /* Storyboards */ = {
			isa = PBXGroup;
			children = (
				96D7BBED18AC8E890085D5E0 /* Main_iPad.storyboard */,
				96D7BBEA18AC8E890085D5E0 /* Main_iPhone.storyboard */,
			);
			name = Storyboards;
			sourceTree = "<group>";
		};
		96D7BC1C18AC902F0085D5E0 /* Questions */ = {
			isa = PBXGroup;
			children = (
				960DEC3718B08CD40017729C /* Filters */,
				96D7BC1D18AC90420085D5E0 /* Views */,
				9670C67B18AEEE98003959E7 /* JBStackExchangeQuestionDetailViewController.h */,
				9670C67C18AEEE98003959E7 /* JBStackExchangeQuestionDetailViewController.m */,
				96D7BC1418AC8FA20085D5E0 /* JBStackExchangeSearchQuestionsViewController.h */,
				96D7BC1518AC8FA20085D5E0 /* JBStackExchangeSearchQuestionsViewController.m */,
			);
			name = Questions;
			sourceTree = "<group>";
		};
		96D7BC1D18AC90420085D5E0 /* Views */ = {
			isa = PBXGroup;
			children = (
				96D7BC2A18AF30CD0085D5E0 /* JBStackExchangeAnswerSummaryCollectionViewCell.h */,
				96D7BC2B18AF30CD0085D5E0 /* JBStackExchangeAnswerSummaryCollectionViewCell.m */,
				9670C67F18AEF1A5003959E7 /* JBStackExchangeQuestionDetailCollectionViewCell.h */,
				9670C68018AEF1A5003959E7 /* JBStackExchangeQuestionDetailCollectionViewCell.m */,
				961E6EA318B0301500D6A9A5 /* JBStackExchangeQuestionOwnerCollectionViewCell.h */,
				961E6EA418B0301500D6A9A5 /* JBStackExchangeQuestionOwnerCollectionViewCell.m */,
				96D7BC1E18AC90770085D5E0 /* JBStackExchangeQuestionSummaryCollectionViewCell.h */,
				96D7BC1F18AC90770085D5E0 /* JBStackExchangeQuestionSummaryCollectionViewCell.m */,
				960DEC4218B09DE10017729C /* JBStackExchangeLoadMoreCellsCollectionViewCell.h */,
				960DEC4318B09DE10017729C /* JBStackExchangeLoadMoreCellsCollectionViewCell.m */,
			);
			name = Views;
			sourceTree = "<group>";
		};
/* End PBXGroup section */

/* Begin PBXNativeTarget section */
		96D7BBD418AC8E890085D5E0 /* StackOverflow */ = {
			isa = PBXNativeTarget;
			buildConfigurationList = 96D7BC0A18AC8E8A0085D5E0 /* Build configuration list for PBXNativeTarget "StackOverflow" */;
			buildPhases = (
				96D7BBD118AC8E890085D5E0 /* Sources */,
				96D7BBD218AC8E890085D5E0 /* Frameworks */,
				96D7BBD318AC8E890085D5E0 /* Resources */,
			);
			buildRules = (
			);
			dependencies = (
			);
			name = StackOverflow;
			productName = StackOverflow;
			productReference = 96D7BBD518AC8E890085D5E0 /* StackOverflow.app */;
			productType = "com.apple.product-type.application";
		};
		96D7BBF818AC8E8A0085D5E0 /* StackOverflowTests */ = {
			isa = PBXNativeTarget;
			buildConfigurationList = 96D7BC0D18AC8E8A0085D5E0 /* Build configuration list for PBXNativeTarget "StackOverflowTests" */;
			buildPhases = (
				96D7BBF518AC8E8A0085D5E0 /* Sources */,
				96D7BBF618AC8E8A0085D5E0 /* Frameworks */,
				96D7BBF718AC8E8A0085D5E0 /* Resources */,
			);
			buildRules = (
			);
			dependencies = (
				96D7BBFF18AC8E8A0085D5E0 /* PBXTargetDependency */,
			);
			name = StackOverflowTests;
			productName = StackOverflowTests;
			productReference = 96D7BBF918AC8E8A0085D5E0 /* StackOverflowTests.xctest */;
			productType = "com.apple.product-type.bundle.unit-test";
		};
/* End PBXNativeTarget section */

/* Begin PBXProject section */
		96D7BBCD18AC8E890085D5E0 /* Project object */ = {
			isa = PBXProject;
			attributes = {
				CLASSPREFIX = JB;
				LastUpgradeCheck = 0500;
				ORGANIZATIONNAME = "Josh Buchacher";
				TargetAttributes = {
					96D7BBF818AC8E8A0085D5E0 = {
						TestTargetID = 96D7BBD418AC8E890085D5E0;
					};
				};
			};
			buildConfigurationList = 96D7BBD018AC8E890085D5E0 /* Build configuration list for PBXProject "StackOverflow" */;
			compatibilityVersion = "Xcode 3.2";
			developmentRegion = English;
			hasScannedForEncodings = 0;
			knownRegions = (
				en,
				Base,
			);
			mainGroup = 96D7BBCC18AC8E890085D5E0;
			productRefGroup = 96D7BBD618AC8E890085D5E0 /* Products */;
			projectDirPath = "";
			projectRoot = "";
			targets = (
				96D7BBD418AC8E890085D5E0 /* StackOverflow */,
				96D7BBF818AC8E8A0085D5E0 /* StackOverflowTests */,
			);
		};
/* End PBXProject section */

/* Begin PBXResourcesBuildPhase section */
		96D7BBD318AC8E890085D5E0 /* Resources */ = {
			isa = PBXResourcesBuildPhase;
			buildActionMask = 2147483647;
			files = (
				96D7BBEF18AC8E890085D5E0 /* Main_iPad.storyboard in Resources */,
				96D7BBF418AC8E890085D5E0 /* Images.xcassets in Resources */,
				96D7BBEC18AC8E890085D5E0 /* Main_iPhone.storyboard in Resources */,
				96D7BBE318AC8E890085D5E0 /* InfoPlist.strings in Resources */,
			);
			runOnlyForDeploymentPostprocessing = 0;
		};
		96D7BBF718AC8E8A0085D5E0 /* Resources */ = {
			isa = PBXResourcesBuildPhase;
			buildActionMask = 2147483647;
			files = (
				960DEC5418B0AD7E0017729C /* JBStackExchangeResponseJSON.json in Resources */,
				96D7BC0518AC8E8A0085D5E0 /* InfoPlist.strings in Resources */,
			);
			runOnlyForDeploymentPostprocessing = 0;
		};
/* End PBXResourcesBuildPhase section */

/* Begin PBXSourcesBuildPhase section */
		96D7BBD118AC8E890085D5E0 /* Sources */ = {
			isa = PBXSourcesBuildPhase;
			buildActionMask = 2147483647;
			files = (
				961E6EA818B0303F00D6A9A5 /* JBStackExchangeItemOwner.m in Sources */,
				96D7BC1918AC901E0085D5E0 /* JBStackExchangeAPIManager.m in Sources */,
				9670C65418ADD57E003959E7 /* JBStackExchangeResponseItem.m in Sources */,
				9670C67D18AEEE98003959E7 /* JBStackExchangeQuestionDetailViewController.m in Sources */,
				96D7BC1618AC8FA20085D5E0 /* JBStackExchangeSearchQuestionsViewController.m in Sources */,
				960DEC3B18B08CF20017729C /* JBStackExchangeFilterOptions.m in Sources */,
				960DEC4418B09DE10017729C /* JBStackExchangeLoadMoreCellsCollectionViewCell.m in Sources */,
				9670C66218AE8CC5003959E7 /* JBStackExchangeSitesCollectionViewCell.m in Sources */,
				960DEC3F18B08D0A0017729C /* JBStackExchangeFilterItemTableViewCell.m in Sources */,
				960DEC3518B0890D0017729C /* JBStackExchangeFilterQuestionsViewController.m in Sources */,
				9670C65C18AE8A18003959E7 /* JBStackExchangeSitesViewController.m in Sources */,
				9670C65018ADC610003959E7 /* JBStackExchangeAPIOptions.m in Sources */,
				96D7BC2F18AF325E0085D5E0 /* JBStackExchangeAnswerItem.m in Sources */,
				96D7BC2818AC917C0085D5E0 /* JBStackExchangeQuestionItem.m in Sources */,
				96D7BBE918AC8E890085D5E0 /* JBAppDelegate.m in Sources */,
				969CDAFB18B0823500F74FE2 /* JBStackExchangeBadgeCount.m in Sources */,
				961E6EA518B0301500D6A9A5 /* JBStackExchangeQuestionOwnerCollectionViewCell.m in Sources */,
				96B04F9118B1AAAD00DD7797 /* NSAttributedString+JBStackExchangeExtensions.m in Sources */,
				969CDAFF18B0824B00F74FE2 /* JBStackExchangeModel.m in Sources */,
				96D7BC2418AC91260085D5E0 /* JBStackExchangeResponse.m in Sources */,
				96BD456C18B0081B008B1F60 /* JBStackExchangeSearchQuery.m in Sources */,
				9670C65818AE85FF003959E7 /* JBStackExchangeSiteItem.m in Sources */,
				96BD456818B0074B008B1F60 /* JBStackExchangeQuery.m in Sources */,
				96BD456418AFF9A8008B1F60 /* JBStackExchangeLoginViewController.m in Sources */,
				96D7BBE518AC8E890085D5E0 /* main.m in Sources */,
				96D7BC2C18AF30CD0085D5E0 /* JBStackExchangeAnswerSummaryCollectionViewCell.m in Sources */,
				96D7BC2018AC90770085D5E0 /* JBStackExchangeQuestionSummaryCollectionViewCell.m in Sources */,
				9670C68118AEF1A5003959E7 /* JBStackExchangeQuestionDetailCollectionViewCell.m in Sources */,
			);
			runOnlyForDeploymentPostprocessing = 0;
		};
		96D7BBF518AC8E8A0085D5E0 /* Sources */ = {
			isa = PBXSourcesBuildPhase;
			buildActionMask = 2147483647;
			files = (
				960DEC4D18B0ABDC0017729C /* JBStackExchangeResponseTests.m in Sources */,
				9670C68218AEF1A5003959E7 /* JBStackExchangeQuestionDetailCollectionViewCell.m in Sources */,
				9670C65918AE85FF003959E7 /* JBStackExchangeSiteItem.m in Sources */,
				969CDB0018B0824B00F74FE2 /* JBStackExchangeModel.m in Sources */,
				960DEC4018B08D0A0017729C /* JBStackExchangeFilterItemTableViewCell.m in Sources */,
				96D7BC2118AC90770085D5E0 /* JBStackExchangeQuestionSummaryCollectionViewCell.m in Sources */,
				9670C65D18AE8A18003959E7 /* JBStackExchangeSitesViewController.m in Sources */,
				96D7BC1B18AC90220085D5E0 /* JBStackExchangeSearchQuestionsViewController.m in Sources */,
				9670C65518ADD57E003959E7 /* JBStackExchangeResponseItem.m in Sources */,
				96D7BC2518AC91260085D5E0 /* JBStackExchangeResponse.m in Sources */,
				9670C65118ADC610003959E7 /* JBStackExchangeAPIOptions.m in Sources */,
				96D7BC2918AC917C0085D5E0 /* JBStackExchangeQuestionItem.m in Sources */,
				96BD456518AFF9A8008B1F60 /* JBStackExchangeLoginViewController.m in Sources */,
				960DEC3C18B08CF20017729C /* JBStackExchangeFilterOptions.m in Sources */,
				9670C67E18AEEE98003959E7 /* JBStackExchangeQuestionDetailViewController.m in Sources */,
				961E6EA918B0303F00D6A9A5 /* JBStackExchangeItemOwner.m in Sources */,
				96BD456918B0074B008B1F60 /* JBStackExchangeQuery.m in Sources */,
				96B04F9218B1AAAD00DD7797 /* NSAttributedString+JBStackExchangeExtensions.m in Sources */,
				96BD456D18B0081B008B1F60 /* JBStackExchangeSearchQuery.m in Sources */,
				960DEC5218B0ACC40017729C /* JBStackExchangeTestHelper.m in Sources */,
				969CDAFC18B0823500F74FE2 /* JBStackExchangeBadgeCount.m in Sources */,
				96D7BC3018AF325E0085D5E0 /* JBStackExchangeAnswerItem.m in Sources */,
				960DEC3618B0890D0017729C /* JBStackExchangeFilterQuestionsViewController.m in Sources */,
				960DEC4518B09DE10017729C /* JBStackExchangeLoadMoreCellsCollectionViewCell.m in Sources */,
				9670C66318AE8CC5003959E7 /* JBStackExchangeSitesCollectionViewCell.m in Sources */,
				96D7BC1A18AC901E0085D5E0 /* JBStackExchangeAPIManager.m in Sources */,
			);
			runOnlyForDeploymentPostprocessing = 0;
		};
/* End PBXSourcesBuildPhase section */

/* Begin PBXTargetDependency section */
		96D7BBFF18AC8E8A0085D5E0 /* PBXTargetDependency */ = {
			isa = PBXTargetDependency;
			target = 96D7BBD418AC8E890085D5E0 /* StackOverflow */;
			targetProxy = 96D7BBFE18AC8E8A0085D5E0 /* PBXContainerItemProxy */;
		};
/* End PBXTargetDependency section */

/* Begin PBXVariantGroup section */
		96D7BBE118AC8E890085D5E0 /* InfoPlist.strings */ = {
			isa = PBXVariantGroup;
			children = (
				96D7BBE218AC8E890085D5E0 /* en */,
			);
			name = InfoPlist.strings;
			path = Resources;
			sourceTree = "<group>";
		};
		96D7BBEA18AC8E890085D5E0 /* Main_iPhone.storyboard */ = {
			isa = PBXVariantGroup;
			children = (
				96D7BBEB18AC8E890085D5E0 /* Base */,
			);
			name = Main_iPhone.storyboard;
			path = Resources;
			sourceTree = "<group>";
		};
		96D7BBED18AC8E890085D5E0 /* Main_iPad.storyboard */ = {
			isa = PBXVariantGroup;
			children = (
				96D7BBEE18AC8E890085D5E0 /* Base */,
			);
			name = Main_iPad.storyboard;
			path = Resources;
			sourceTree = "<group>";
		};
		96D7BC0318AC8E8A0085D5E0 /* InfoPlist.strings */ = {
			isa = PBXVariantGroup;
			children = (
				96D7BC0418AC8E8A0085D5E0 /* en */,
			);
			name = InfoPlist.strings;
			sourceTree = "<group>";
		};
/* End PBXVariantGroup section */

/* Begin XCBuildConfiguration section */
		96D7BC0818AC8E8A0085D5E0 /* Debug */ = {
			isa = XCBuildConfiguration;
			buildSettings = {
				ALWAYS_SEARCH_USER_PATHS = NO;
				ARCHS = "$(ARCHS_STANDARD_INCLUDING_64_BIT)";
				CLANG_CXX_LANGUAGE_STANDARD = "gnu++0x";
				CLANG_CXX_LIBRARY = "libc++";
				CLANG_ENABLE_MODULES = YES;
				CLANG_ENABLE_OBJC_ARC = YES;
				CLANG_WARN_BOOL_CONVERSION = YES;
				CLANG_WARN_CONSTANT_CONVERSION = YES;
				CLANG_WARN_DIRECT_OBJC_ISA_USAGE = YES_ERROR;
				CLANG_WARN_EMPTY_BODY = YES;
				CLANG_WARN_ENUM_CONVERSION = YES;
				CLANG_WARN_INT_CONVERSION = YES;
				CLANG_WARN_OBJC_ROOT_CLASS = YES_ERROR;
				CLANG_WARN__DUPLICATE_METHOD_MATCH = YES;
				"CODE_SIGN_IDENTITY[sdk=iphoneos*]" = "iPhone Developer";
				COPY_PHASE_STRIP = NO;
				GCC_C_LANGUAGE_STANDARD = gnu99;
				GCC_DYNAMIC_NO_PIC = NO;
				GCC_OPTIMIZATION_LEVEL = 0;
				GCC_PREPROCESSOR_DEFINITIONS = (
					"DEBUG=1",
					"$(inherited)",
				);
				GCC_SYMBOLS_PRIVATE_EXTERN = NO;
				GCC_WARN_64_TO_32_BIT_CONVERSION = YES;
				GCC_WARN_ABOUT_RETURN_TYPE = YES_ERROR;
				GCC_WARN_UNDECLARED_SELECTOR = YES;
				GCC_WARN_UNINITIALIZED_AUTOS = YES;
				GCC_WARN_UNUSED_FUNCTION = YES;
				GCC_WARN_UNUSED_VARIABLE = YES;
				IPHONEOS_DEPLOYMENT_TARGET = 7.0;
				ONLY_ACTIVE_ARCH = YES;
				SDKROOT = iphoneos;
				TARGETED_DEVICE_FAMILY = "1,2";
			};
			name = Debug;
		};
		96D7BC0918AC8E8A0085D5E0 /* Release */ = {
			isa = XCBuildConfiguration;
			buildSettings = {
				ALWAYS_SEARCH_USER_PATHS = NO;
				ARCHS = "$(ARCHS_STANDARD_INCLUDING_64_BIT)";
				CLANG_CXX_LANGUAGE_STANDARD = "gnu++0x";
				CLANG_CXX_LIBRARY = "libc++";
				CLANG_ENABLE_MODULES = YES;
				CLANG_ENABLE_OBJC_ARC = YES;
				CLANG_WARN_BOOL_CONVERSION = YES;
				CLANG_WARN_CONSTANT_CONVERSION = YES;
				CLANG_WARN_DIRECT_OBJC_ISA_USAGE = YES_ERROR;
				CLANG_WARN_EMPTY_BODY = YES;
				CLANG_WARN_ENUM_CONVERSION = YES;
				CLANG_WARN_INT_CONVERSION = YES;
				CLANG_WARN_OBJC_ROOT_CLASS = YES_ERROR;
				CLANG_WARN__DUPLICATE_METHOD_MATCH = YES;
				"CODE_SIGN_IDENTITY[sdk=iphoneos*]" = "iPhone Developer";
				COPY_PHASE_STRIP = YES;
				ENABLE_NS_ASSERTIONS = NO;
				GCC_C_LANGUAGE_STANDARD = gnu99;
				GCC_WARN_64_TO_32_BIT_CONVERSION = YES;
				GCC_WARN_ABOUT_RETURN_TYPE = YES_ERROR;
				GCC_WARN_UNDECLARED_SELECTOR = YES;
				GCC_WARN_UNINITIALIZED_AUTOS = YES;
				GCC_WARN_UNUSED_FUNCTION = YES;
				GCC_WARN_UNUSED_VARIABLE = YES;
				IPHONEOS_DEPLOYMENT_TARGET = 7.0;
				SDKROOT = iphoneos;
				TARGETED_DEVICE_FAMILY = "1,2";
				VALIDATE_PRODUCT = YES;
			};
			name = Release;
		};
		96D7BC0B18AC8E8A0085D5E0 /* Debug */ = {
			isa = XCBuildConfiguration;
			buildSettings = {
				ASSETCATALOG_COMPILER_APPICON_NAME = AppIcon;
				ASSETCATALOG_COMPILER_LAUNCHIMAGE_NAME = LaunchImage;
				GCC_PRECOMPILE_PREFIX_HEADER = YES;
				GCC_PREFIX_HEADER = "StackOverflow/Resources/StackOverflow-Prefix.pch";
				INFOPLIST_FILE = "StackOverflow/Resources/StackOverflow-Info.plist";
				PRODUCT_NAME = "$(TARGET_NAME)";
				WRAPPER_EXTENSION = app;
			};
			name = Debug;
		};
		96D7BC0C18AC8E8A0085D5E0 /* Release */ = {
			isa = XCBuildConfiguration;
			buildSettings = {
				ASSETCATALOG_COMPILER_APPICON_NAME = AppIcon;
				ASSETCATALOG_COMPILER_LAUNCHIMAGE_NAME = LaunchImage;
				GCC_PRECOMPILE_PREFIX_HEADER = YES;
				GCC_PREFIX_HEADER = "StackOverflow/Resources/StackOverflow-Prefix.pch";
				INFOPLIST_FILE = "StackOverflow/Resources/StackOverflow-Info.plist";
				PRODUCT_NAME = "$(TARGET_NAME)";
				WRAPPER_EXTENSION = app;
			};
			name = Release;
		};
		96D7BC0E18AC8E8A0085D5E0 /* Debug */ = {
			isa = XCBuildConfiguration;
			buildSettings = {
				ARCHS = "$(ARCHS_STANDARD_INCLUDING_64_BIT)";
				BUNDLE_LOADER = "$(BUILT_PRODUCTS_DIR)/StackOverflow.app/StackOverflow";
				FRAMEWORK_SEARCH_PATHS = (
					"$(SDKROOT)/Developer/Library/Frameworks",
					"$(inherited)",
					"$(DEVELOPER_FRAMEWORKS_DIR)",
				);
				GCC_PRECOMPILE_PREFIX_HEADER = YES;
				GCC_PREFIX_HEADER = "StackOverflow/Resources/StackOverflow-Prefix.pch";
				GCC_PREPROCESSOR_DEFINITIONS = (
					"DEBUG=1",
					"$(inherited)",
				);
				INFOPLIST_FILE = "StackOverflowTests/StackOverflowTests-Info.plist";
				PRODUCT_NAME = "$(TARGET_NAME)";
				TEST_HOST = "$(BUNDLE_LOADER)";
				WRAPPER_EXTENSION = xctest;
			};
			name = Debug;
		};
		96D7BC0F18AC8E8A0085D5E0 /* Release */ = {
			isa = XCBuildConfiguration;
			buildSettings = {
				ARCHS = "$(ARCHS_STANDARD_INCLUDING_64_BIT)";
				BUNDLE_LOADER = "$(BUILT_PRODUCTS_DIR)/StackOverflow.app/StackOverflow";
				FRAMEWORK_SEARCH_PATHS = (
					"$(SDKROOT)/Developer/Library/Frameworks",
					"$(inherited)",
					"$(DEVELOPER_FRAMEWORKS_DIR)",
				);
				GCC_PRECOMPILE_PREFIX_HEADER = YES;
				GCC_PREFIX_HEADER = "StackOverflow/Resources/StackOverflow-Prefix.pch";
				INFOPLIST_FILE = "StackOverflowTests/StackOverflowTests-Info.plist";
				PRODUCT_NAME = "$(TARGET_NAME)";
				TEST_HOST = "$(BUNDLE_LOADER)";
				WRAPPER_EXTENSION = xctest;
			};
			name = Release;
		};
/* End XCBuildConfiguration section */

/* Begin XCConfigurationList section */
		96D7BBD018AC8E890085D5E0 /* Build configuration list for PBXProject "StackOverflow" */ = {
			isa = XCConfigurationList;
			buildConfigurations = (
				96D7BC0818AC8E8A0085D5E0 /* Debug */,
				96D7BC0918AC8E8A0085D5E0 /* Release */,
			);
			defaultConfigurationIsVisible = 0;
			defaultConfigurationName = Release;
		};
		96D7BC0A18AC8E8A0085D5E0 /* Build configuration list for PBXNativeTarget "StackOverflow" */ = {
			isa = XCConfigurationList;
			buildConfigurations = (
				96D7BC0B18AC8E8A0085D5E0 /* Debug */,
				96D7BC0C18AC8E8A0085D5E0 /* Release */,
			);
			defaultConfigurationIsVisible = 0;
			defaultConfigurationName = Release;
		};
		96D7BC0D18AC8E8A0085D5E0 /* Build configuration list for PBXNativeTarget "StackOverflowTests" */ = {
			isa = XCConfigurationList;
			buildConfigurations = (
				96D7BC0E18AC8E8A0085D5E0 /* Debug */,
				96D7BC0F18AC8E8A0085D5E0 /* Release */,
			);
			defaultConfigurationIsVisible = 0;
			defaultConfigurationName = Release;
		};
/* End XCConfigurationList section */
	};
	rootObject = 96D7BBCD18AC8E890085D5E0 /* Project object */;
}
